# THIS IS AN AUTOGENERATED FILE. DO NOT EDIT THIS FILE DIRECTLY.
# yarn lockfile v1


babel-runtime@^6.6.1:
  version "6.26.0"
  resolved "https://registry.yarnpkg.com/babel-runtime/-/babel-runtime-6.26.0.tgz#965c7058668e82b55d7bfe04ff2337bc8b5647fe"
  dependencies:
    core-js "^2.4.0"
    regenerator-runtime "^0.11.0"

bluebird@^3.3.5, bluebird@^3.5.1:
  version "3.5.1"
  resolved "https://registry.yarnpkg.com/bluebird/-/bluebird-3.5.1.tgz#d9551f9de98f1fcda1e683d17ee91a0602ee2eb9"

core-js@^2.4.0:
  version "2.5.3"
  resolved "https://registry.yarnpkg.com/core-js/-/core-js-2.5.3.tgz#8acc38345824f16d8365b7c9b4259168e8ed603e"

elgamal@^0.3.0:
  version "0.3.0"
  resolved "https://registry.yarnpkg.com/elgamal/-/elgamal-0.3.0.tgz#40f551d055be2af836c9f0a0fc96e47c5a8abab9"
  dependencies:
    babel-runtime "^6.6.1"
    bluebird "^3.3.5"
    es6-error "^3.0.0"
    jsbn "^0.1.0"

es6-error@^3.0.0:
  version "3.2.0"
  resolved "https://registry.yarnpkg.com/es6-error/-/es6-error-3.2.0.tgz#e567cfdcb324d4e7ae5922a3700ada5de879a0ca"

iconv@^2.3.0:
  version "2.3.0"
  resolved "https://registry.yarnpkg.com/iconv/-/iconv-2.3.0.tgz#9739887c2bd492d9a5e236dd3667c5358601201b"
  dependencies:
    nan "^2.3.5"

jsbn@^0.1.0:
  version "0.1.1"
  resolved "https://registry.yarnpkg.com/jsbn/-/jsbn-0.1.1.tgz#a5e654c2e5a2deb5f201d96cefbca80c0ef2f513"

jsbn@^1.1.0:
  version "1.1.0"
  resolved "https://registry.yarnpkg.com/jsbn/-/jsbn-1.1.0.tgz#b01307cb29b618a1ed26ec79e911f803c4da0040"

lodash@^4.17.4:
  version "4.17.4"
  resolved "https://registry.yarnpkg.com/lodash/-/lodash-4.17.4.tgz#78203a4d1c328ae1d86dca6460e369b57f4055ae"

nan@^2.3.5:
  version "2.8.0"
  resolved "https://registry.yarnpkg.com/nan/-/nan-2.8.0.tgz#ed715f3fe9de02b57a5e6252d90a96675e1f085a"

regenerator-runtime@^0.11.0:
  version "0.11.1"
  resolved "https://registry.yarnpkg.com/regenerator-runtime/-/regenerator-runtime-0.11.1.tgz#be05ad7f9bf7d22e056f9726cee5017fbf19e2e9"
